
Microsoft Visual Studio Solution File, Format Version 12.00
# Visual Studio Version 17
VisualStudioVersion = 17.0.31717.71
MinimumVisualStudioVersion = 10.0.40219.1
Project("{9A19103F-16F7-4668-BE54-9A1E7A4F7556}") = "EDMIMudblazorProject", "EDMIMudblazorProject.csproj", "{8FFF8CAA-0060-4DBF-A1D0-C16694E85055}"
EndProject
Global
	GlobalSection(SolutionConfigurationPlatforms) = preSolution
		Debug|Any CPU = Debug|Any CPU
		Release|Any CPU = Release|Any CPU
	EndGlobalSection
	GlobalSection(ProjectConfigurationPlatforms) = postSolution
		{8FFF8CAA-0060-4DBF-A1D0-C16694E85055}.Debug|Any CPU.ActiveCfg = Debug|Any CPU
		{8FFF8CAA-0060-4DBF-A1D0-C16694E85055}.Debug|Any CPU.Build.0 = Debug|Any CPU
		{8FFF8CAA-0060-4DBF-A1D0-C16694E85055}.Release|Any CPU.ActiveCfg = Release|Any CPU
		{8FFF8CAA-0060-4DBF-A1D0-C16694E85055}.Release|Any CPU.Build.0 = Release|Any CPU
	EndGlobalSection
	GlobalSection(SolutionProperties) = preSolution
		HideSolutionNode = FALSE
	EndGlobalSection
	GlobalSection(ExtensibilityGlobals) = postSolution
		SolutionGuid = {9E9E3F0E-A5FF-477C-BA44-6AA4D05F2B4C}
	EndGlobalSection
EndGlobal